
Microsoft Visual Studio Solution File, Format Version 11.00
# Visual Studio 2010
Project("{FAE04EC0-301F-11D3-BF4B-00C04F79EFBC}") = "Bar_Game", "Assembly-CSharp.csproj", "{21EB8A12-8C7E-A204-D627-E3DE0D8D29C9}"
EndProject
Project("{FAE04EC0-301F-11D3-BF4B-00C04F79EFBC}") = "Bar_Game", "Assembly-CSharp-Editor.csproj", "{C2A93AB5-D93B-A08A-C3FD-896F8ED7CB00}"
EndProject
Global
	GlobalSection(SolutionConfigurationPlatforms) = preSolution
		Debug|Any CPU = Debug|Any CPU
		Release|Any CPU = Release|Any CPU
	EndGlobalSection
	GlobalSection(ProjectConfigurationPlatforms) = postSolution
		{21EB8A12-8C7E-A204-D627-E3DE0D8D29C9}.Debug|Any CPU.ActiveCfg = Debug|Any CPU
		{21EB8A12-8C7E-A204-D627-E3DE0D8D29C9}.Debug|Any CPU.Build.0 = Debug|Any CPU
		{21EB8A12-8C7E-A204-D627-E3DE0D8D29C9}.Release|Any CPU.ActiveCfg = Release|Any CPU
		{21EB8A12-8C7E-A204-D627-E3DE0D8D29C9}.Release|Any CPU.Build.0 = Release|Any CPU
		{C2A93AB5-D93B-A08A-C3FD-896F8ED7CB00}.Debug|Any CPU.ActiveCfg = Debug|Any CPU
		{C2A93AB5-D93B-A08A-C3FD-896F8ED7CB00}.Debug|Any CPU.Build.0 = Debug|Any CPU
		{C2A93AB5-D93B-A08A-C3FD-896F8ED7CB00}.Release|Any CPU.ActiveCfg = Release|Any CPU
		{C2A93AB5-D93B-A08A-C3FD-896F8ED7CB00}.Release|Any CPU.Build.0 = Release|Any CPU
	EndGlobalSection
	GlobalSection(SolutionProperties) = preSolution
		HideSolutionNode = FALSE
	EndGlobalSection
	GlobalSection(MonoDevelopProperties) = preSolution
		StartupItem = Assembly-CSharp.csproj
	EndGlobalSection
EndGlobal
